
Microsoft Visual Studio Solution File, Format Version 12.00
# Visual Studio Version 16
VisualStudioVersion = 16.0.31129.286
MinimumVisualStudioVersion = 10.0.40219.1
Project("{FAE04EC0-301F-11D3-BF4B-00C04F79EFBC}") = "Taking User input", "Taking User input\Taking User input.csproj", "{2CC99D54-5708-456F-9CA8-ED70D4971B64}"
EndProject
Global
	GlobalSection(SolutionConfigurationPlatforms) = preSolution
		Debug|Any CPU = Debug|Any CPU
		Release|Any CPU = Release|Any CPU
	EndGlobalSection
	GlobalSection(ProjectConfigurationPlatforms) = postSolution
		{2CC99D54-5708-456F-9CA8-ED70D4971B64}.Debug|Any CPU.ActiveCfg = Debug|Any CPU
		{2CC99D54-5708-456F-9CA8-ED70D4971B64}.Debug|Any CPU.Build.0 = Debug|Any CPU
		{2CC99D54-5708-456F-9CA8-ED70D4971B64}.Release|Any CPU.ActiveCfg = Release|Any CPU
		{2CC99D54-5708-456F-9CA8-ED70D4971B64}.Release|Any CPU.Build.0 = Release|Any CPU
	EndGlobalSection
	GlobalSection(SolutionProperties) = preSolution
		HideSolutionNode = FALSE
	EndGlobalSection
	GlobalSection(ExtensibilityGlobals) = postSolution
		SolutionGuid = {98B8CA8A-5C81-476A-B246-57C00D8204C5}
	EndGlobalSection
EndGlobal
