
Microsoft Visual Studio Solution File, Format Version 12.00
# Visual Studio Version 16
VisualStudioVersion = 16.0.31129.286
MinimumVisualStudioVersion = 10.0.40219.1
Project("{FAE04EC0-301F-11D3-BF4B-00C04F79EFBC}") = "Binary_tree", "Binary_tree\Binary_tree.csproj", "{C0F6C9BA-64B3-460E-9172-A20D889CFB3B}"
EndProject
Global
	GlobalSection(SolutionConfigurationPlatforms) = preSolution
		Debug|Any CPU = Debug|Any CPU
		Release|Any CPU = Release|Any CPU
	EndGlobalSection
	GlobalSection(ProjectConfigurationPlatforms) = postSolution
		{C0F6C9BA-64B3-460E-9172-A20D889CFB3B}.Debug|Any CPU.ActiveCfg = Debug|Any CPU
		{C0F6C9BA-64B3-460E-9172-A20D889CFB3B}.Debug|Any CPU.Build.0 = Debug|Any CPU
		{C0F6C9BA-64B3-460E-9172-A20D889CFB3B}.Release|Any CPU.ActiveCfg = Release|Any CPU
		{C0F6C9BA-64B3-460E-9172-A20D889CFB3B}.Release|Any CPU.Build.0 = Release|Any CPU
	EndGlobalSection
	GlobalSection(SolutionProperties) = preSolution
		HideSolutionNode = FALSE
	EndGlobalSection
	GlobalSection(ExtensibilityGlobals) = postSolution
		SolutionGuid = {023C5B1D-73E5-4B24-A6A2-A97FE5ED1F31}
	EndGlobalSection
EndGlobal
